
Microsoft Visual Studio Solution File, Format Version 12.00
Project("{FAE04EC0-301F-11D3-BF4B-00C04F79EFBC}") = "IOT.Device", "IOT.Device\IOT.Device.csproj", "{4FF7AF99-6E2B-4BCD-BFB6-BDE25F090F69}"
EndProject
Global
	GlobalSection(SolutionConfigurationPlatforms) = preSolution
		Debug|Any CPU = Debug|Any CPU
		Release|Any CPU = Release|Any CPU
	EndGlobalSection
	GlobalSection(ProjectConfigurationPlatforms) = postSolution
		{4FF7AF99-6E2B-4BCD-BFB6-BDE25F090F69}.Debug|Any CPU.ActiveCfg = Debug|Any CPU
		{4FF7AF99-6E2B-4BCD-BFB6-BDE25F090F69}.Debug|Any CPU.Build.0 = Debug|Any CPU
		{4FF7AF99-6E2B-4BCD-BFB6-BDE25F090F69}.Release|Any CPU.ActiveCfg = Release|Any CPU
		{4FF7AF99-6E2B-4BCD-BFB6-BDE25F090F69}.Release|Any CPU.Build.0 = Release|Any CPU
	EndGlobalSection
EndGlobal
